// !$*UTF8*$!
{
	archiveVersion = 1;
	classes = {
	};
	objectVersion = 56;
	objects = {

/* Begin PBXBuildFile section */
		230E587B2B5A68B100E323BA /* HeapProtocol.swift in Sources */ = {isa = PBXBuildFile; fileRef = 230E587A2B5A68B100E323BA /* HeapProtocol.swift */; };
		230E587D2B5A69AF00E323BA /* BaseHeap.swift in Sources */ = {isa = PBXBuildFile; fileRef = 230E587C2B5A69AF00E323BA /* BaseHeap.swift */; };
		230E587F2B5A6B3900E323BA /* BinaryHeap.swift in Sources */ = {isa = PBXBuildFile; fileRef = 230E587E2B5A6B3900E323BA /* BinaryHeap.swift */; };
		232737212ABA985100A41DAC /* LeetCode141.swift in Sources */ = {isa = PBXBuildFile; fileRef = 232737202ABA985100A41DAC /* LeetCode141.swift */; };
		232737232ABAA0E400A41DAC /* LeetCode203.swift in Sources */ = {isa = PBXBuildFile; fileRef = 232737222ABAA0E400A41DAC /* LeetCode203.swift */; };
		233584982B4FC2C800CE3D0E /* BBST.swift in Sources */ = {isa = PBXBuildFile; fileRef = 233584972B4FC2C800CE3D0E /* BBST.swift */; };
		2339913B2AD2979500E2248B /* AVLTree.swift in Sources */ = {isa = PBXBuildFile; fileRef = 2339913A2AD2979500E2248B /* AVLTree.swift */; };
		2340D3C62AC573C9002AD918 /* BinaryTree.swift in Sources */ = {isa = PBXBuildFile; fileRef = 2340D3C52AC573C9002AD918 /* BinaryTree.swift */; };
		2340D3C82AC573D3002AD918 /* BST.swift in Sources */ = {isa = PBXBuildFile; fileRef = 2340D3C72AC573D3002AD918 /* BST.swift */; };
		2350AFF12ABBD3650017AD02 /* LeetCode83.swift in Sources */ = {isa = PBXBuildFile; fileRef = 2350AFF02ABBD3650017AD02 /* LeetCode83.swift */; };
		2350AFF32ABBDAFA0017AD02 /* LeetCode876.swift in Sources */ = {isa = PBXBuildFile; fileRef = 2350AFF22ABBDAFA0017AD02 /* LeetCode876.swift */; };
		235AE7572ABEDD54006F3032 /* LeetCode150.swift in Sources */ = {isa = PBXBuildFile; fileRef = 235AE7562ABEDD54006F3032 /* LeetCode150.swift */; };
		235AE7592ABEE52B006F3032 /* LeetCode224.swift in Sources */ = {isa = PBXBuildFile; fileRef = 235AE7582ABEE52B006F3032 /* LeetCode224.swift */; };
		237C34EC2ABA89EF009E7E6F /* ListNode.swift in Sources */ = {isa = PBXBuildFile; fileRef = 237C34EB2ABA89EF009E7E6F /* ListNode.swift */; };
		238E4FB12AB7F3D500AE6204 /* main.swift in Sources */ = {isa = PBXBuildFile; fileRef = 238E4FB02AB7F3D500AE6204 /* main.swift */; };
		238E4FBA2AB83A6900AE6204 /* SingleLinkedList.swift in Sources */ = {isa = PBXBuildFile; fileRef = 238E4FB92AB83A6900AE6204 /* SingleLinkedList.swift */; };
		239393F02B5281C600500284 /* ListSet.swift in Sources */ = {isa = PBXBuildFile; fileRef = 239393EF2B5281C600500284 /* ListSet.swift */; };
		239393F22B5281CF00500284 /* TreeSet.swift in Sources */ = {isa = PBXBuildFile; fileRef = 239393F12B5281CF00500284 /* TreeSet.swift */; };
		239393F42B5281D900500284 /* SetProtocol.swift in Sources */ = {isa = PBXBuildFile; fileRef = 239393F32B5281D900500284 /* SetProtocol.swift */; };
		239393F62B54C08800500284 /* LeetCode349.swift in Sources */ = {isa = PBXBuildFile; fileRef = 239393F52B54C08800500284 /* LeetCode349.swift */; };
		239393F92B5516E300500284 /* MapProtocol.swift in Sources */ = {isa = PBXBuildFile; fileRef = 239393F82B5516E300500284 /* MapProtocol.swift */; };
		239393FB2B55183E00500284 /* TreeMap.swift in Sources */ = {isa = PBXBuildFile; fileRef = 239393FA2B55183E00500284 /* TreeMap.swift */; };
		23939CF62AC1183D00251B75 /* Queue.swift in Sources */ = {isa = PBXBuildFile; fileRef = 23939CF52AC1183D00251B75 /* Queue.swift */; };
		23939CF82AC1245700251B75 /* Deque.swift in Sources */ = {isa = PBXBuildFile; fileRef = 23939CF72AC1245700251B75 /* Deque.swift */; };
		23939CFA2AC1378900251B75 /* CircleQueue.swift in Sources */ = {isa = PBXBuildFile; fileRef = 23939CF92AC1378900251B75 /* CircleQueue.swift */; };
		23939CFC2AC170DD00251B75 /* CircleDeque.swift in Sources */ = {isa = PBXBuildFile; fileRef = 23939CFB2AC170DD00251B75 /* CircleDeque.swift */; };
		23939CFE2AC180DD00251B75 /* LeetCode232.swift in Sources */ = {isa = PBXBuildFile; fileRef = 23939CFD2AC180DD00251B75 /* LeetCode232.swift */; };
		23939D002AC187FD00251B75 /* LeetCode225.swift in Sources */ = {isa = PBXBuildFile; fileRef = 23939CFF2AC187FD00251B75 /* LeetCode225.swift */; };
		23A241702AB991FB00E6CBA0 /* VirtualHeadSingleLinkedList.swift in Sources */ = {isa = PBXBuildFile; fileRef = 23A2416F2AB991FB00E6CBA0 /* VirtualHeadSingleLinkedList.swift */; };
		23A241722AB99BB500E6CBA0 /* LeetCode237.swift in Sources */ = {isa = PBXBuildFile; fileRef = 23A241712AB99BB500E6CBA0 /* LeetCode237.swift */; };
		23A241742AB99E9B00E6CBA0 /* LeetCode206.swift in Sources */ = {isa = PBXBuildFile; fileRef = 23A241732AB99E9B00E6CBA0 /* LeetCode206.swift */; };
		23A806D12B4E824E006E598E /* RBTree.swift in Sources */ = {isa = PBXBuildFile; fileRef = 23A806D02B4E824E006E598E /* RBTree.swift */; };
		23AF84102ABD73A500AB9521 /* Stack.swift in Sources */ = {isa = PBXBuildFile; fileRef = 23AF840F2ABD73A500AB9521 /* Stack.swift */; };
		23AF84122ABD797800AB9521 /* LeetCode20.swift in Sources */ = {isa = PBXBuildFile; fileRef = 23AF84112ABD797800AB9521 /* LeetCode20.swift */; };
		23AF84142ABD894000AB9521 /* LeetCode856.swift in Sources */ = {isa = PBXBuildFile; fileRef = 23AF84132ABD894000AB9521 /* LeetCode856.swift */; };
		23B86D192AC28692006ECB72 /* BinarySearchTree.swift in Sources */ = {isa = PBXBuildFile; fileRef = 23B86D182AC28692006ECB72 /* BinarySearchTree.swift */; };
		23D1B6D92ABC1D2B0050E51E /* LinkedList.swift in Sources */ = {isa = PBXBuildFile; fileRef = 23D1B6D82ABC1D2B0050E51E /* LinkedList.swift */; };
		23F54DD22ABD255800200BAE /* SingleCircleLinkedList.swift in Sources */ = {isa = PBXBuildFile; fileRef = 23F54DD12ABD255800200BAE /* SingleCircleLinkedList.swift */; };
		23F54DD42ABD2B7100200BAE /* CircleLinkedList.swift in Sources */ = {isa = PBXBuildFile; fileRef = 23F54DD32ABD2B7100200BAE /* CircleLinkedList.swift */; };
/* End PBXBuildFile section */

/* Begin PBXCopyFilesBuildPhase section */
		238E4FAB2AB7F3D500AE6204 /* CopyFiles */ = {
			isa = PBXCopyFilesBuildPhase;
			buildActionMask = 2147483647;
			dstPath = /usr/share/man/man1/;
			dstSubfolderSpec = 0;
			files = (
			);
			runOnlyForDeploymentPostprocessing = 1;
		};
/* End PBXCopyFilesBuildPhase section */

/* Begin PBXFileReference section */
		230E587A2B5A68B100E323BA /* HeapProtocol.swift */ = {isa = PBXFileReference; lastKnownFileType = sourcecode.swift; path = HeapProtocol.swift; sourceTree = "<group>"; };
		230E587C2B5A69AF00E323BA /* BaseHeap.swift */ = {isa = PBXFileReference; lastKnownFileType = sourcecode.swift; path = BaseHeap.swift; sourceTree = "<group>"; };
		230E587E2B5A6B3900E323BA /* BinaryHeap.swift */ = {isa = PBXFileReference; lastKnownFileType = sourcecode.swift; path = BinaryHeap.swift; sourceTree = "<group>"; };
		232737202ABA985100A41DAC /* LeetCode141.swift */ = {isa = PBXFileReference; lastKnownFileType = sourcecode.swift; path = LeetCode141.swift; sourceTree = "<group>"; };
		232737222ABAA0E400A41DAC /* LeetCode203.swift */ = {isa = PBXFileReference; lastKnownFileType = sourcecode.swift; path = LeetCode203.swift; sourceTree = "<group>"; };
		233584972B4FC2C800CE3D0E /* BBST.swift */ = {isa = PBXFileReference; lastKnownFileType = sourcecode.swift; path = BBST.swift; sourceTree = "<group>"; };
		2339913A2AD2979500E2248B /* AVLTree.swift */ = {isa = PBXFileReference; lastKnownFileType = sourcecode.swift; path = AVLTree.swift; sourceTree = "<group>"; };
		2340D3C52AC573C9002AD918 /* BinaryTree.swift */ = {isa = PBXFileReference; lastKnownFileType = sourcecode.swift; path = BinaryTree.swift; sourceTree = "<group>"; };
		2340D3C72AC573D3002AD918 /* BST.swift */ = {isa = PBXFileReference; lastKnownFileType = sourcecode.swift; path = BST.swift; sourceTree = "<group>"; };
		2350AFF02ABBD3650017AD02 /* LeetCode83.swift */ = {isa = PBXFileReference; lastKnownFileType = sourcecode.swift; path = LeetCode83.swift; sourceTree = "<group>"; };
		2350AFF22ABBDAFA0017AD02 /* LeetCode876.swift */ = {isa = PBXFileReference; lastKnownFileType = sourcecode.swift; path = LeetCode876.swift; sourceTree = "<group>"; };
		235AE7562ABEDD54006F3032 /* LeetCode150.swift */ = {isa = PBXFileReference; lastKnownFileType = sourcecode.swift; path = LeetCode150.swift; sourceTree = "<group>"; };
		235AE7582ABEE52B006F3032 /* LeetCode224.swift */ = {isa = PBXFileReference; lastKnownFileType = sourcecode.swift; path = LeetCode224.swift; sourceTree = "<group>"; };
		237C34EB2ABA89EF009E7E6F /* ListNode.swift */ = {isa = PBXFileReference; lastKnownFileType = sourcecode.swift; path = ListNode.swift; sourceTree = "<group>"; };
		238E4FAD2AB7F3D500AE6204 /* DataStructuresAndAlgorithms */ = {isa = PBXFileReference; explicitFileType = "compiled.mach-o.executable"; includeInIndex = 0; path = DataStructuresAndAlgorithms; sourceTree = BUILT_PRODUCTS_DIR; };
		238E4FB02AB7F3D500AE6204 /* main.swift */ = {isa = PBXFileReference; lastKnownFileType = sourcecode.swift; path = main.swift; sourceTree = "<group>"; };
		238E4FB92AB83A6900AE6204 /* SingleLinkedList.swift */ = {isa = PBXFileReference; lastKnownFileType = sourcecode.swift; path = SingleLinkedList.swift; sourceTree = "<group>"; };
		239393EF2B5281C600500284 /* ListSet.swift */ = {isa = PBXFileReference; lastKnownFileType = sourcecode.swift; path = ListSet.swift; sourceTree = "<group>"; };
		239393F12B5281CF00500284 /* TreeSet.swift */ = {isa = PBXFileReference; lastKnownFileType = sourcecode.swift; path = TreeSet.swift; sourceTree = "<group>"; };
		239393F32B5281D900500284 /* SetProtocol.swift */ = {isa = PBXFileReference; lastKnownFileType = sourcecode.swift; path = SetProtocol.swift; sourceTree = "<group>"; };
		239393F52B54C08800500284 /* LeetCode349.swift */ = {isa = PBXFileReference; lastKnownFileType = sourcecode.swift; path = LeetCode349.swift; sourceTree = "<group>"; };
		239393F82B5516E300500284 /* MapProtocol.swift */ = {isa = PBXFileReference; lastKnownFileType = sourcecode.swift; path = MapProtocol.swift; sourceTree = "<group>"; };
		239393FA2B55183E00500284 /* TreeMap.swift */ = {isa = PBXFileReference; lastKnownFileType = sourcecode.swift; path = TreeMap.swift; sourceTree = "<group>"; };
		23939CF52AC1183D00251B75 /* Queue.swift */ = {isa = PBXFileReference; lastKnownFileType = sourcecode.swift; path = Queue.swift; sourceTree = "<group>"; };
		23939CF72AC1245700251B75 /* Deque.swift */ = {isa = PBXFileReference; lastKnownFileType = sourcecode.swift; path = Deque.swift; sourceTree = "<group>"; };
		23939CF92AC1378900251B75 /* CircleQueue.swift */ = {isa = PBXFileReference; lastKnownFileType = sourcecode.swift; path = CircleQueue.swift; sourceTree = "<group>"; };
		23939CFB2AC170DD00251B75 /* CircleDeque.swift */ = {isa = PBXFileReference; lastKnownFileType = sourcecode.swift; path = CircleDeque.swift; sourceTree = "<group>"; };
		23939CFD2AC180DD00251B75 /* LeetCode232.swift */ = {isa = PBXFileReference; lastKnownFileType = sourcecode.swift; path = LeetCode232.swift; sourceTree = "<group>"; };
		23939CFF2AC187FD00251B75 /* LeetCode225.swift */ = {isa = PBXFileReference; lastKnownFileType = sourcecode.swift; path = LeetCode225.swift; sourceTree = "<group>"; };
		23A2416F2AB991FB00E6CBA0 /* VirtualHeadSingleLinkedList.swift */ = {isa = PBXFileReference; lastKnownFileType = sourcecode.swift; path = VirtualHeadSingleLinkedList.swift; sourceTree = "<group>"; };
		23A241712AB99BB500E6CBA0 /* LeetCode237.swift */ = {isa = PBXFileReference; lastKnownFileType = sourcecode.swift; path = LeetCode237.swift; sourceTree = "<group>"; };
		23A241732AB99E9B00E6CBA0 /* LeetCode206.swift */ = {isa = PBXFileReference; lastKnownFileType = sourcecode.swift; path = LeetCode206.swift; sourceTree = "<group>"; };
		23A806D02B4E824E006E598E /* RBTree.swift */ = {isa = PBXFileReference; lastKnownFileType = sourcecode.swift; path = RBTree.swift; sourceTree = "<group>"; };
		23AF840F2ABD73A500AB9521 /* Stack.swift */ = {isa = PBXFileReference; lastKnownFileType = sourcecode.swift; path = Stack.swift; sourceTree = "<group>"; };
		23AF84112ABD797800AB9521 /* LeetCode20.swift */ = {isa = PBXFileReference; lastKnownFileType = sourcecode.swift; path = LeetCode20.swift; sourceTree = "<group>"; };
		23AF84132ABD894000AB9521 /* LeetCode856.swift */ = {isa = PBXFileReference; lastKnownFileType = sourcecode.swift; path = LeetCode856.swift; sourceTree = "<group>"; };
		23B86D182AC28692006ECB72 /* BinarySearchTree.swift */ = {isa = PBXFileReference; lastKnownFileType = sourcecode.swift; path = BinarySearchTree.swift; sourceTree = "<group>"; };
		23D1B6D82ABC1D2B0050E51E /* LinkedList.swift */ = {isa = PBXFileReference; lastKnownFileType = sourcecode.swift; path = LinkedList.swift; sourceTree = "<group>"; };
		23F54DD12ABD255800200BAE /* SingleCircleLinkedList.swift */ = {isa = PBXFileReference; lastKnownFileType = sourcecode.swift; path = SingleCircleLinkedList.swift; sourceTree = "<group>"; };
		23F54DD32ABD2B7100200BAE /* CircleLinkedList.swift */ = {isa = PBXFileReference; lastKnownFileType = sourcecode.swift; path = CircleLinkedList.swift; sourceTree = "<group>"; };
/* End PBXFileReference section */

/* Begin PBXFrameworksBuildPhase section */
		238E4FAA2AB7F3D500AE6204 /* Frameworks */ = {
			isa = PBXFrameworksBuildPhase;
			buildActionMask = 2147483647;
			files = (
			);
			runOnlyForDeploymentPostprocessing = 0;
		};
/* End PBXFrameworksBuildPhase section */

/* Begin PBXGroup section */
		230E58792B5A689C00E323BA /* 堆 */ = {
			isa = PBXGroup;
			children = (
				230E587A2B5A68B100E323BA /* HeapProtocol.swift */,
				230E587C2B5A69AF00E323BA /* BaseHeap.swift */,
				230E587E2B5A6B3900E323BA /* BinaryHeap.swift */,
			);
			path = "堆";
			sourceTree = "<group>";
		};
		237C34EA2ABA89B9009E7E6F /* LinkedList */ = {
			isa = PBXGroup;
			children = (
				23D1B6DA2ABC1D350050E51E /* 单链表 */,
				23D1B6DB2ABC1D400050E51E /* 双向链表 */,
				237C34EB2ABA89EF009E7E6F /* ListNode.swift */,
			);
			path = LinkedList;
			sourceTree = "<group>";
		};
		238E4FA42AB7F3D500AE6204 = {
			isa = PBXGroup;
			children = (
				238E4FAF2AB7F3D500AE6204 /* DataStructuresAndAlgorithms */,
				238E4FAE2AB7F3D500AE6204 /* Products */,
			);
			sourceTree = "<group>";
		};
		238E4FAE2AB7F3D500AE6204 /* Products */ = {
			isa = PBXGroup;
			children = (
				238E4FAD2AB7F3D500AE6204 /* DataStructuresAndAlgorithms */,
			);
			name = Products;
			sourceTree = "<group>";
		};
		238E4FAF2AB7F3D500AE6204 /* DataStructuresAndAlgorithms */ = {
			isa = PBXGroup;
			children = (
				237C34EA2ABA89B9009E7E6F /* LinkedList */,
				23AF840E2ABD739100AB9521 /* Stack */,
				23939CF42AC1182C00251B75 /* Queue */,
				23B86D172AC275E5006ECB72 /* Tree */,
				239393EE2B5281B000500284 /* 集合 */,
				239393F72B55169C00500284 /* 映射 */,
				230E58792B5A689C00E323BA /* 堆 */,
				238E4FB02AB7F3D500AE6204 /* main.swift */,
			);
			path = DataStructuresAndAlgorithms;
			sourceTree = "<group>";
		};
		239393EE2B5281B000500284 /* 集合 */ = {
			isa = PBXGroup;
			children = (
				239393F32B5281D900500284 /* SetProtocol.swift */,
				239393EF2B5281C600500284 /* ListSet.swift */,
				239393F12B5281CF00500284 /* TreeSet.swift */,
				239393F52B54C08800500284 /* LeetCode349.swift */,
			);
			path = "集合";
			sourceTree = "<group>";
		};
		239393F72B55169C00500284 /* 映射 */ = {
			isa = PBXGroup;
			children = (
				239393F82B5516E300500284 /* MapProtocol.swift */,
				239393FA2B55183E00500284 /* TreeMap.swift */,
			);
			path = "映射";
			sourceTree = "<group>";
		};
		23939CF42AC1182C00251B75 /* Queue */ = {
			isa = PBXGroup;
			children = (
				23939CF52AC1183D00251B75 /* Queue.swift */,
				23939CF72AC1245700251B75 /* Deque.swift */,
				23939CF92AC1378900251B75 /* CircleQueue.swift */,
				23939CFB2AC170DD00251B75 /* CircleDeque.swift */,
				23939CFD2AC180DD00251B75 /* LeetCode232.swift */,
			);
			path = Queue;
			sourceTree = "<group>";
		};
		23AF840E2ABD739100AB9521 /* Stack */ = {
			isa = PBXGroup;
			children = (
				23AF840F2ABD73A500AB9521 /* Stack.swift */,
				23AF84112ABD797800AB9521 /* LeetCode20.swift */,
				23AF84132ABD894000AB9521 /* LeetCode856.swift */,
				235AE7562ABEDD54006F3032 /* LeetCode150.swift */,
				235AE7582ABEE52B006F3032 /* LeetCode224.swift */,
				23939CFF2AC187FD00251B75 /* LeetCode225.swift */,
			);
			path = Stack;
			sourceTree = "<group>";
		};
		23B86D172AC275E5006ECB72 /* Tree */ = {
			isa = PBXGroup;
			children = (
				23B86D182AC28692006ECB72 /* BinarySearchTree.swift */,
				2340D3C52AC573C9002AD918 /* BinaryTree.swift */,
				2340D3C72AC573D3002AD918 /* BST.swift */,
				233584972B4FC2C800CE3D0E /* BBST.swift */,
				2339913A2AD2979500E2248B /* AVLTree.swift */,
				23A806D02B4E824E006E598E /* RBTree.swift */,
			);
			path = Tree;
			sourceTree = "<group>";
		};
		23D1B6DA2ABC1D350050E51E /* 单链表 */ = {
			isa = PBXGroup;
			children = (
				238E4FB92AB83A6900AE6204 /* SingleLinkedList.swift */,
				23A2416F2AB991FB00E6CBA0 /* VirtualHeadSingleLinkedList.swift */,
				23A241712AB99BB500E6CBA0 /* LeetCode237.swift */,
				23A241732AB99E9B00E6CBA0 /* LeetCode206.swift */,
				232737202ABA985100A41DAC /* LeetCode141.swift */,
				232737222ABAA0E400A41DAC /* LeetCode203.swift */,
				2350AFF02ABBD3650017AD02 /* LeetCode83.swift */,
				2350AFF22ABBDAFA0017AD02 /* LeetCode876.swift */,
				23F54DD12ABD255800200BAE /* SingleCircleLinkedList.swift */,
			);
			path = "单链表";
			sourceTree = "<group>";
		};
		23D1B6DB2ABC1D400050E51E /* 双向链表 */ = {
			isa = PBXGroup;
			children = (
				23D1B6D82ABC1D2B0050E51E /* LinkedList.swift */,
				23F54DD32ABD2B7100200BAE /* CircleLinkedList.swift */,
			);
			path = "双向链表";
			sourceTree = "<group>";
		};
/* End PBXGroup section */

/* Begin PBXNativeTarget section */
		238E4FAC2AB7F3D500AE6204 /* DataStructuresAndAlgorithms */ = {
			isa = PBXNativeTarget;
			buildConfigurationList = 238E4FB42AB7F3D500AE6204 /* Build configuration list for PBXNativeTarget "DataStructuresAndAlgorithms" */;
			buildPhases = (
				238E4FA92AB7F3D500AE6204 /* Sources */,
				238E4FAA2AB7F3D500AE6204 /* Frameworks */,
				238E4FAB2AB7F3D500AE6204 /* CopyFiles */,
			);
			buildRules = (
			);
			dependencies = (
			);
			name = DataStructuresAndAlgorithms;
			productName = DataStructuresAndAlgorithms;
			productReference = 238E4FAD2AB7F3D500AE6204 /* DataStructuresAndAlgorithms */;
			productType = "com.apple.product-type.tool";
		};
/* End PBXNativeTarget section */

/* Begin PBXProject section */
		238E4FA52AB7F3D500AE6204 /* Project object */ = {
			isa = PBXProject;
			attributes = {
				BuildIndependentTargetsInParallel = 1;
				LastSwiftUpdateCheck = 1430;
				LastUpgradeCheck = 1430;
				TargetAttributes = {
					238E4FAC2AB7F3D500AE6204 = {
						CreatedOnToolsVersion = 14.3.1;
					};
				};
			};
			buildConfigurationList = 238E4FA82AB7F3D500AE6204 /* Build configuration list for PBXProject "DataStructuresAndAlgorithms" */;
			compatibilityVersion = "Xcode 14.0";
			developmentRegion = en;
			hasScannedForEncodings = 0;
			knownRegions = (
				en,
				Base,
			);
			mainGroup = 238E4FA42AB7F3D500AE6204;
			productRefGroup = 238E4FAE2AB7F3D500AE6204 /* Products */;
			projectDirPath = "";
			projectRoot = "";
			targets = (
				238E4FAC2AB7F3D500AE6204 /* DataStructuresAndAlgorithms */,
			);
		};
/* End PBXProject section */

/* Begin PBXSourcesBuildPhase section */
		238E4FA92AB7F3D500AE6204 /* Sources */ = {
			isa = PBXSourcesBuildPhase;
			buildActionMask = 2147483647;
			files = (
				239393F92B5516E300500284 /* MapProtocol.swift in Sources */,
				2350AFF12ABBD3650017AD02 /* LeetCode83.swift in Sources */,
				23AF84122ABD797800AB9521 /* LeetCode20.swift in Sources */,
				238E4FB12AB7F3D500AE6204 /* main.swift in Sources */,
				23939CF62AC1183D00251B75 /* Queue.swift in Sources */,
				239393F22B5281CF00500284 /* TreeSet.swift in Sources */,
				239393FB2B55183E00500284 /* TreeMap.swift in Sources */,
				23939CFC2AC170DD00251B75 /* CircleDeque.swift in Sources */,
				23AF84102ABD73A500AB9521 /* Stack.swift in Sources */,
				23AF84142ABD894000AB9521 /* LeetCode856.swift in Sources */,
				23939CFA2AC1378900251B75 /* CircleQueue.swift in Sources */,
				23A241722AB99BB500E6CBA0 /* LeetCode237.swift in Sources */,
				23B86D192AC28692006ECB72 /* BinarySearchTree.swift in Sources */,
				23939CFE2AC180DD00251B75 /* LeetCode232.swift in Sources */,
				232737212ABA985100A41DAC /* LeetCode141.swift in Sources */,
				23F54DD42ABD2B7100200BAE /* CircleLinkedList.swift in Sources */,
				23A241702AB991FB00E6CBA0 /* VirtualHeadSingleLinkedList.swift in Sources */,
				239393F62B54C08800500284 /* LeetCode349.swift in Sources */,
				235AE7592ABEE52B006F3032 /* LeetCode224.swift in Sources */,
				2339913B2AD2979500E2248B /* AVLTree.swift in Sources */,
				238E4FBA2AB83A6900AE6204 /* SingleLinkedList.swift in Sources */,
				23F54DD22ABD255800200BAE /* SingleCircleLinkedList.swift in Sources */,
				230E587D2B5A69AF00E323BA /* BaseHeap.swift in Sources */,
				23A241742AB99E9B00E6CBA0 /* LeetCode206.swift in Sources */,
				230E587F2B5A6B3900E323BA /* BinaryHeap.swift in Sources */,
				239393F42B5281D900500284 /* SetProtocol.swift in Sources */,
				23A806D12B4E824E006E598E /* RBTree.swift in Sources */,
				232737232ABAA0E400A41DAC /* LeetCode203.swift in Sources */,
				230E587B2B5A68B100E323BA /* HeapProtocol.swift in Sources */,
				23939D002AC187FD00251B75 /* LeetCode225.swift in Sources */,
				235AE7572ABEDD54006F3032 /* LeetCode150.swift in Sources */,
				2350AFF32ABBDAFA0017AD02 /* LeetCode876.swift in Sources */,
				2340D3C62AC573C9002AD918 /* BinaryTree.swift in Sources */,
				23D1B6D92ABC1D2B0050E51E /* LinkedList.swift in Sources */,
				239393F02B5281C600500284 /* ListSet.swift in Sources */,
				233584982B4FC2C800CE3D0E /* BBST.swift in Sources */,
				23939CF82AC1245700251B75 /* Deque.swift in Sources */,
				2340D3C82AC573D3002AD918 /* BST.swift in Sources */,
				237C34EC2ABA89EF009E7E6F /* ListNode.swift in Sources */,
			);
			runOnlyForDeploymentPostprocessing = 0;
		};
/* End PBXSourcesBuildPhase section */

/* Begin XCBuildConfiguration section */
		238E4FB22AB7F3D500AE6204 /* Debug */ = {
			isa = XCBuildConfiguration;
			buildSettings = {
				ALWAYS_SEARCH_USER_PATHS = NO;
				CLANG_ANALYZER_NONNULL = YES;
				CLANG_ANALYZER_NUMBER_OBJECT_CONVERSION = YES_AGGRESSIVE;
				CLANG_CXX_LANGUAGE_STANDARD = "gnu++20";
				CLANG_ENABLE_MODULES = YES;
				CLANG_ENABLE_OBJC_ARC = YES;
				CLANG_ENABLE_OBJC_WEAK = YES;
				CLANG_WARN_BLOCK_CAPTURE_AUTORELEASING = YES;
				CLANG_WARN_BOOL_CONVERSION = YES;
				CLANG_WARN_COMMA = YES;
				CLANG_WARN_CONSTANT_CONVERSION = YES;
				CLANG_WARN_DEPRECATED_OBJC_IMPLEMENTATIONS = YES;
				CLANG_WARN_DIRECT_OBJC_ISA_USAGE = YES_ERROR;
				CLANG_WARN_DOCUMENTATION_COMMENTS = YES;
				CLANG_WARN_EMPTY_BODY = YES;
				CLANG_WARN_ENUM_CONVERSION = YES;
				CLANG_WARN_INFINITE_RECURSION = YES;
				CLANG_WARN_INT_CONVERSION = YES;
				CLANG_WARN_NON_LITERAL_NULL_CONVERSION = YES;
				CLANG_WARN_OBJC_IMPLICIT_RETAIN_SELF = YES;
				CLANG_WARN_OBJC_LITERAL_CONVERSION = YES;
				CLANG_WARN_OBJC_ROOT_CLASS = YES_ERROR;
				CLANG_WARN_QUOTED_INCLUDE_IN_FRAMEWORK_HEADER = YES;
				CLANG_WARN_RANGE_LOOP_ANALYSIS = YES;
				CLANG_WARN_STRICT_PROTOTYPES = YES;
				CLANG_WARN_SUSPICIOUS_MOVE = YES;
				CLANG_WARN_UNGUARDED_AVAILABILITY = YES_AGGRESSIVE;
				CLANG_WARN_UNREACHABLE_CODE = YES;
				CLANG_WARN__DUPLICATE_METHOD_MATCH = YES;
				COPY_PHASE_STRIP = NO;
				DEBUG_INFORMATION_FORMAT = dwarf;
				ENABLE_STRICT_OBJC_MSGSEND = YES;
				ENABLE_TESTABILITY = YES;
				GCC_C_LANGUAGE_STANDARD = gnu11;
				GCC_DYNAMIC_NO_PIC = NO;
				GCC_NO_COMMON_BLOCKS = YES;
				GCC_OPTIMIZATION_LEVEL = 0;
				GCC_PREPROCESSOR_DEFINITIONS = (
					"DEBUG=1",
					"$(inherited)",
				);
				GCC_WARN_64_TO_32_BIT_CONVERSION = YES;
				GCC_WARN_ABOUT_RETURN_TYPE = YES_ERROR;
				GCC_WARN_UNDECLARED_SELECTOR = YES;
				GCC_WARN_UNINITIALIZED_AUTOS = YES_AGGRESSIVE;
				GCC_WARN_UNUSED_FUNCTION = YES;
				GCC_WARN_UNUSED_VARIABLE = YES;
				MACOSX_DEPLOYMENT_TARGET = 13.3;
				MTL_ENABLE_DEBUG_INFO = INCLUDE_SOURCE;
				MTL_FAST_MATH = YES;
				ONLY_ACTIVE_ARCH = YES;
				SDKROOT = macosx;
				SWIFT_ACTIVE_COMPILATION_CONDITIONS = DEBUG;
				SWIFT_OPTIMIZATION_LEVEL = "-Onone";
			};
			name = Debug;
		};
		238E4FB32AB7F3D500AE6204 /* Release */ = {
			isa = XCBuildConfiguration;
			buildSettings = {
				ALWAYS_SEARCH_USER_PATHS = NO;
				CLANG_ANALYZER_NONNULL = YES;
				CLANG_ANALYZER_NUMBER_OBJECT_CONVERSION = YES_AGGRESSIVE;
				CLANG_CXX_LANGUAGE_STANDARD = "gnu++20";
				CLANG_ENABLE_MODULES = YES;
				CLANG_ENABLE_OBJC_ARC = YES;
				CLANG_ENABLE_OBJC_WEAK = YES;
				CLANG_WARN_BLOCK_CAPTURE_AUTORELEASING = YES;
				CLANG_WARN_BOOL_CONVERSION = YES;
				CLANG_WARN_COMMA = YES;
				CLANG_WARN_CONSTANT_CONVERSION = YES;
				CLANG_WARN_DEPRECATED_OBJC_IMPLEMENTATIONS = YES;
				CLANG_WARN_DIRECT_OBJC_ISA_USAGE = YES_ERROR;
				CLANG_WARN_DOCUMENTATION_COMMENTS = YES;
				CLANG_WARN_EMPTY_BODY = YES;
				CLANG_WARN_ENUM_CONVERSION = YES;
				CLANG_WARN_INFINITE_RECURSION = YES;
				CLANG_WARN_INT_CONVERSION = YES;
				CLANG_WARN_NON_LITERAL_NULL_CONVERSION = YES;
				CLANG_WARN_OBJC_IMPLICIT_RETAIN_SELF = YES;
				CLANG_WARN_OBJC_LITERAL_CONVERSION = YES;
				CLANG_WARN_OBJC_ROOT_CLASS = YES_ERROR;
				CLANG_WARN_QUOTED_INCLUDE_IN_FRAMEWORK_HEADER = YES;
				CLANG_WARN_RANGE_LOOP_ANALYSIS = YES;
				CLANG_WARN_STRICT_PROTOTYPES = YES;
				CLANG_WARN_SUSPICIOUS_MOVE = YES;
				CLANG_WARN_UNGUARDED_AVAILABILITY = YES_AGGRESSIVE;
				CLANG_WARN_UNREACHABLE_CODE = YES;
				CLANG_WARN__DUPLICATE_METHOD_MATCH = YES;
				COPY_PHASE_STRIP = NO;
				DEBUG_INFORMATION_FORMAT = "dwarf-with-dsym";
				ENABLE_NS_ASSERTIONS = NO;
				ENABLE_STRICT_OBJC_MSGSEND = YES;
				GCC_C_LANGUAGE_STANDARD = gnu11;
				GCC_NO_COMMON_BLOCKS = YES;
				GCC_WARN_64_TO_32_BIT_CONVERSION = YES;
				GCC_WARN_ABOUT_RETURN_TYPE = YES_ERROR;
				GCC_WARN_UNDECLARED_SELECTOR = YES;
				GCC_WARN_UNINITIALIZED_AUTOS = YES_AGGRESSIVE;
				GCC_WARN_UNUSED_FUNCTION = YES;
				GCC_WARN_UNUSED_VARIABLE = YES;
				MACOSX_DEPLOYMENT_TARGET = 13.3;
				MTL_ENABLE_DEBUG_INFO = NO;
				MTL_FAST_MATH = YES;
				SDKROOT = macosx;
				SWIFT_COMPILATION_MODE = wholemodule;
				SWIFT_OPTIMIZATION_LEVEL = "-O";
			};
			name = Release;
		};
		238E4FB52AB7F3D500AE6204 /* Debug */ = {
			isa = XCBuildConfiguration;
			buildSettings = {
				CODE_SIGN_STYLE = Automatic;
				PRODUCT_NAME = "$(TARGET_NAME)";
				SWIFT_VERSION = 5.0;
			};
			name = Debug;
		};
		238E4FB62AB7F3D500AE6204 /* Release */ = {
			isa = XCBuildConfiguration;
			buildSettings = {
				CODE_SIGN_STYLE = Automatic;
				PRODUCT_NAME = "$(TARGET_NAME)";
				SWIFT_VERSION = 5.0;
			};
			name = Release;
		};
/* End XCBuildConfiguration section */

/* Begin XCConfigurationList section */
		238E4FA82AB7F3D500AE6204 /* Build configuration list for PBXProject "DataStructuresAndAlgorithms" */ = {
			isa = XCConfigurationList;
			buildConfigurations = (
				238E4FB22AB7F3D500AE6204 /* Debug */,
				238E4FB32AB7F3D500AE6204 /* Release */,
			);
			defaultConfigurationIsVisible = 0;
			defaultConfigurationName = Release;
		};
		238E4FB42AB7F3D500AE6204 /* Build configuration list for PBXNativeTarget "DataStructuresAndAlgorithms" */ = {
			isa = XCConfigurationList;
			buildConfigurations = (
				238E4FB52AB7F3D500AE6204 /* Debug */,
				238E4FB62AB7F3D500AE6204 /* Release */,
			);
			defaultConfigurationIsVisible = 0;
			defaultConfigurationName = Release;
		};
/* End XCConfigurationList section */
	};
	rootObject = 238E4FA52AB7F3D500AE6204 /* Project object */;
}
